
Microsoft Visual Studio Solution File, Format Version 12.00
# Visual Studio Version 17
VisualStudioVersion = 17.5.002.0
MinimumVisualStudioVersion = 10.0.40219.1
Project("{9A19103F-16F7-4668-BE54-9A1E7A4F7556}") = "AddLogictoCSharpConsoleApplications", "AddLogictoCSharpConsoleApplications.csproj", "{A68F58A7-644F-4E87-9031-FF009A6E1D5D}"
EndProject
Global
	GlobalSection(SolutionConfigurationPlatforms) = preSolution
		Debug|Any CPU = Debug|Any CPU
		Release|Any CPU = Release|Any CPU
	EndGlobalSection
	GlobalSection(ProjectConfigurationPlatforms) = postSolution
		{A68F58A7-644F-4E87-9031-FF009A6E1D5D}.Debug|Any CPU.ActiveCfg = Debug|Any CPU
		{A68F58A7-644F-4E87-9031-FF009A6E1D5D}.Debug|Any CPU.Build.0 = Debug|Any CPU
		{A68F58A7-644F-4E87-9031-FF009A6E1D5D}.Release|Any CPU.ActiveCfg = Release|Any CPU
		{A68F58A7-644F-4E87-9031-FF009A6E1D5D}.Release|Any CPU.Build.0 = Release|Any CPU
	EndGlobalSection
	GlobalSection(SolutionProperties) = preSolution
		HideSolutionNode = FALSE
	EndGlobalSection
	GlobalSection(ExtensibilityGlobals) = postSolution
		SolutionGuid = {B25C7EC9-EF02-4BA1-8267-77910E482600}
	EndGlobalSection
EndGlobal
